# THIS IS AN AUTOGENERATED FILE. DO NOT EDIT THIS FILE DIRECTLY.
# yarn lockfile v1


"@types/node@^16.10.5":
  version "16.10.5"
  resolved "https://registry.npmmirror.com/@types/node/download/@types/node-16.10.5.tgz#7fe4123b061753f1a58a6cd077ff0bb069ee752d"
  integrity sha1-f+QSOwYXU/GlimzQd/8LsGnudS0=

tslib@^2.3.1:
  version "2.3.1"
  resolved "https://registry.nlark.com/tslib/download/tslib-2.3.1.tgz#e8a335add5ceae51aa261d32a490158ef042ef01"
  integrity sha1-6KM1rdXOrlGqJh0ypJAVjvBC7wE=

typescript@^4.4.4:
  version "4.4.4"
  resolved "https://registry.npmmirror.com/typescript/download/typescript-4.4.4.tgz#2cd01a1a1f160704d3101fd5a58ff0f9fcb8030c"
  integrity sha1-LNAaGh8WBwTTEB/VpY/w+fy4Aww=

xstate@^4.25.0:
  version "4.25.0"
  resolved "https://registry.npmjs.org/xstate/-/xstate-4.25.0.tgz#d902ef33137532043f7a88597af8e5e1c7ad6bdf"
  integrity sha512-qP7lc/ypOuuWME4ArOBnzaCa90TfHkjiqYDmxpiCjPy6FcXstInA2vH6qRVAHbPXRK4KQIYfIEOk1X38P+TldQ==
