# THIS IS AN AUTOGENERATED FILE. DO NOT EDIT THIS FILE DIRECTLY.
# yarn lockfile v1


"@types/node@^16.10.5":
  "integrity" "sha1-f+QSOwYXU/GlimzQd/8LsGnudS0="
  "resolved" "https://registry.npmmirror.com/@types/node/download/@types/node-16.10.5.tgz"
  "version" "16.10.5"

"@types/objects-to-csv@^1.3.1":
  "integrity" "sha512-RGZdFlzuj/3ARNTgrf/yJCKREZ2HGYP///wq3pxYWhsw47ImY0FFIBjyNcgdN9Us6lvIMdW6RfubpCAiJb65mg=="
  "resolved" "https://registry.npmjs.org/@types/objects-to-csv/-/objects-to-csv-1.3.1.tgz"
  "version" "1.3.1"

"async-csv@^2.1.3":
  "integrity" "sha1-1uQ8YQUO01AbV/U8TCiUPF2lkXI="
  "resolved" "https://registry.nlark.com/async-csv/download/async-csv-2.1.3.tgz"
  "version" "2.1.3"
  dependencies:
    "csv" "^5.1.3"

"csv-generate@^3.4.3":
  "integrity" "sha1-vELZQ7Ra6lKvqJaHQpHaS5EI//8="
  "resolved" "https://registry.npmmirror.com/csv-generate/download/csv-generate-3.4.3.tgz"
  "version" "3.4.3"

"csv-parse@^4.16.3":
  "integrity" "sha1-fKYk1RchLrxSCjaHPDR4+mbvuvc="
  "resolved" "https://registry.npmmirror.com/csv-parse/download/csv-parse-4.16.3.tgz?cache=0&sync_timestamp=1637016930607&other_urls=https%3A%2F%2Fregistry.npmmirror.com%2Fcsv-parse%2Fdownload%2Fcsv-parse-4.16.3.tgz"
  "version" "4.16.3"

"csv-stringify@^5.6.5":
  "integrity" "sha1-xtdLrdpLSaeb9Ocvkczh4zuU3gA="
  "resolved" "https://registry.npmmirror.com/csv-stringify/download/csv-stringify-5.6.5.tgz?cache=0&sync_timestamp=1637024441199&other_urls=https%3A%2F%2Fregistry.npmmirror.com%2Fcsv-stringify%2Fdownload%2Fcsv-stringify-5.6.5.tgz"
  "version" "5.6.5"

"csv-stringify@^6.0.1":
  "integrity" "sha512-w9XpZZxOPa79s27DqIOI1xH/8SE6gRiQLZrTavD0DummNyTAWDR/teLKlaujpcz7ZlUaYFfu7THP57ArOqnY3A=="
  "resolved" "https://registry.npmmirror.com/csv-stringify/download/csv-stringify-6.0.1.tgz?cache=0&sync_timestamp=1637016871667&other_urls=https%3A%2F%2Fregistry.npmmirror.com%2Fcsv-stringify%2Fdownload%2Fcsv-stringify-6.0.1.tgz"
  "version" "6.0.1"

"csv@^5.1.3":
  "integrity" "sha1-zSbB5F6uAM5qm3sn3LlJVeyVIH0="
  "resolved" "https://registry.npmmirror.com/csv/download/csv-5.5.3.tgz"
  "version" "5.5.3"
  dependencies:
    "csv-generate" "^3.4.3"
    "csv-parse" "^4.16.3"
    "csv-stringify" "^5.6.5"
    "stream-transform" "^2.1.3"

"immutable@^4.0.0":
  "integrity" "sha1-uG943mre82CDle+yaakUYnl+LCM="
  "resolved" "https://registry.npmmirror.com/immutable/download/immutable-4.0.0.tgz"
  "version" "4.0.0"

"mixme@^0.5.1":
  "integrity" "sha1-jLO9DNMqUTwWG/HKmdFD8Lzy7/M="
  "resolved" "https://registry.npmmirror.com/mixme/download/mixme-0.5.4.tgz"
  "version" "0.5.4"

"node-csv@^0.1.2":
  "integrity" "sha1-/8ht8l89wHOQIKsVEh4tMDPnRwA="
  "resolved" "https://registry.npmmirror.com/node-csv/download/node-csv-0.1.2.tgz"
  "version" "0.1.2"

"objects-to-csv@^1.3.6":
  "integrity" "sha1-BfJRRAmRUe6RXS3RRY1N0+qW2Eo="
  "resolved" "https://registry.nlark.com/objects-to-csv/download/objects-to-csv-1.3.6.tgz"
  "version" "1.3.6"
  dependencies:
    "async-csv" "^2.1.3"

"stream-transform@^2.1.3":
  "integrity" "sha1-ocPs1y3b9QCqjTQrC53zj1qlmOM="
  "resolved" "https://registry.npmmirror.com/stream-transform/download/stream-transform-2.1.3.tgz?cache=0&sync_timestamp=1637024438938&other_urls=https%3A%2F%2Fregistry.npmmirror.com%2Fstream-transform%2Fdownload%2Fstream-transform-2.1.3.tgz"
  "version" "2.1.3"
  dependencies:
    "mixme" "^0.5.1"

"tslib@^2.3.1":
  "integrity" "sha1-6KM1rdXOrlGqJh0ypJAVjvBC7wE="
  "resolved" "https://registry.nlark.com/tslib/download/tslib-2.3.1.tgz"
  "version" "2.3.1"

"typescript@^4.4.4":
  "integrity" "sha1-LNAaGh8WBwTTEB/VpY/w+fy4Aww="
  "resolved" "https://registry.npmmirror.com/typescript/download/typescript-4.4.4.tgz"
  "version" "4.4.4"

"xstate@^4.25.0":
  "integrity" "sha512-qP7lc/ypOuuWME4ArOBnzaCa90TfHkjiqYDmxpiCjPy6FcXstInA2vH6qRVAHbPXRK4KQIYfIEOk1X38P+TldQ=="
  "resolved" "https://registry.npmjs.org/xstate/-/xstate-4.25.0.tgz"
  "version" "4.25.0"
